// !$*UTF8*$!
{
	archiveVersion = 1;
	classes = {
	};
	objectVersion = 53;
	objects = {

/* Begin PBXBuildFile section */
		92D63C4177C42E6BD410A7B1 /* Pods_ArsMusic.framework in Frameworks */ = {isa = PBXBuildFile; fileRef = E90A45F6F4DFFCD4516C8311 /* Pods_ArsMusic.framework */; };
		B7D7D7292D22B9A5BA1758D7 /* Pods_ArsMusicTests.framework in Frameworks */ = {isa = PBXBuildFile; fileRef = 4F4A2529C3792E8B84B71294 /* Pods_ArsMusicTests.framework */; };
		F35F875A24580CB700DA5559 /* Library.swift in Sources */ = {isa = PBXBuildFile; fileRef = F35F875924580CB700DA5559 /* Library.swift */; };
		F35F875C24584EF000DA5559 /* UserDefaults.swift in Sources */ = {isa = PBXBuildFile; fileRef = F35F875B24584EF000DA5559 /* UserDefaults.swift */; };
		F35F875F245861FB00DA5559 /* URLImage in Frameworks */ = {isa = PBXBuildFile; productRef = F35F875E245861FB00DA5559 /* URLImage */; };
		F3686ECE24543E1200ADF04F /* CMTime + Extension.swift in Sources */ = {isa = PBXBuildFile; fileRef = F3686ECD24543E1200ADF04F /* CMTime + Extension.swift */; };
		F3686ED024556B7700ADF04F /* Nib.swift in Sources */ = {isa = PBXBuildFile; fileRef = F3686ECF24556B7700ADF04F /* Nib.swift */; };
		F3A89CC2244E0D4B00CE521A /* AppDelegate.swift in Sources */ = {isa = PBXBuildFile; fileRef = F3A89CC1244E0D4B00CE521A /* AppDelegate.swift */; };
		F3A89CC4244E0D4B00CE521A /* SceneDelegate.swift in Sources */ = {isa = PBXBuildFile; fileRef = F3A89CC3244E0D4B00CE521A /* SceneDelegate.swift */; };
		F3A89CC6244E0D4B00CE521A /* ViewController.swift in Sources */ = {isa = PBXBuildFile; fileRef = F3A89CC5244E0D4B00CE521A /* ViewController.swift */; };
		F3A89CC9244E0D4B00CE521A /* Main.storyboard in Resources */ = {isa = PBXBuildFile; fileRef = F3A89CC7244E0D4B00CE521A /* Main.storyboard */; };
		F3A89CCB244E0D5100CE521A /* Assets.xcassets in Resources */ = {isa = PBXBuildFile; fileRef = F3A89CCA244E0D5100CE521A /* Assets.xcassets */; };
		F3A89CCE244E0D5100CE521A /* LaunchScreen.storyboard in Resources */ = {isa = PBXBuildFile; fileRef = F3A89CCC244E0D5100CE521A /* LaunchScreen.storyboard */; };
		F3A89CD9244E0D5200CE521A /* ArsMusicTests.swift in Sources */ = {isa = PBXBuildFile; fileRef = F3A89CD8244E0D5200CE521A /* ArsMusicTests.swift */; };
		F3A89CE4244E0D8200CE521A /* MainTabBarController.swift in Sources */ = {isa = PBXBuildFile; fileRef = F3A89CE3244E0D8200CE521A /* MainTabBarController.swift */; };
		F3A89CE6244E125400CE521A /* SearchMusicViewControoler.swift in Sources */ = {isa = PBXBuildFile; fileRef = F3A89CE5244E125400CE521A /* SearchMusicViewControoler.swift */; };
		F3A89CFC244F05F300CE521A /* SearchResponse.swift in Sources */ = {isa = PBXBuildFile; fileRef = F3A89CFB244F05F300CE521A /* SearchResponse.swift */; };
		F3A89CFE244F2BA700CE521A /* NetworkService.swift in Sources */ = {isa = PBXBuildFile; fileRef = F3A89CFD244F2BA700CE521A /* NetworkService.swift */; };
		F3A89D16244F6FBD00CE521A /* SearchPresenter.swift in Sources */ = {isa = PBXBuildFile; fileRef = F3A89D0F244F6FBD00CE521A /* SearchPresenter.swift */; };
		F3A89D17244F6FBD00CE521A /* SearchWorker.swift in Sources */ = {isa = PBXBuildFile; fileRef = F3A89D10244F6FBD00CE521A /* SearchWorker.swift */; };
		F3A89D18244F6FBD00CE521A /* SearchRouter.swift in Sources */ = {isa = PBXBuildFile; fileRef = F3A89D11244F6FBD00CE521A /* SearchRouter.swift */; };
		F3A89D19244F6FBD00CE521A /* SearchModels.swift in Sources */ = {isa = PBXBuildFile; fileRef = F3A89D12244F6FBD00CE521A /* SearchModels.swift */; };
		F3A89D1A244F6FBD00CE521A /* SearchViewController.swift in Sources */ = {isa = PBXBuildFile; fileRef = F3A89D13244F6FBD00CE521A /* SearchViewController.swift */; };
		F3A89D1B244F6FBD00CE521A /* SearchInteractor.swift in Sources */ = {isa = PBXBuildFile; fileRef = F3A89D14244F6FBD00CE521A /* SearchInteractor.swift */; };
		F3A89D1E2450421900CE521A /* SearchViewController.storyboard in Resources */ = {isa = PBXBuildFile; fileRef = F3A89D1D2450421900CE521A /* SearchViewController.storyboard */; };
		F3A89D202450463200CE521A /* UIViewController + Storybord.swift in Sources */ = {isa = PBXBuildFile; fileRef = F3A89D1F2450463200CE521A /* UIViewController + Storybord.swift */; };
		F3A89D242450879400CE521A /* TrackCell.xib in Resources */ = {isa = PBXBuildFile; fileRef = F3A89D232450879300CE521A /* TrackCell.xib */; };
		F3A89D26245087B800CE521A /* TrackCell.swift in Sources */ = {isa = PBXBuildFile; fileRef = F3A89D25245087B800CE521A /* TrackCell.swift */; };
		F3A89D2A2451944A00CE521A /* FooterView.swift in Sources */ = {isa = PBXBuildFile; fileRef = F3A89D292451944A00CE521A /* FooterView.swift */; };
		F3A89D2D2451B65200CE521A /* TrackDetailView.xib in Resources */ = {isa = PBXBuildFile; fileRef = F3A89D2C2451B65200CE521A /* TrackDetailView.xib */; };
		F3A89D2F2451B66C00CE521A /* TrackDetailView.swift in Sources */ = {isa = PBXBuildFile; fileRef = F3A89D2E2451B66C00CE521A /* TrackDetailView.swift */; };
/* End PBXBuildFile section */

/* Begin PBXContainerItemProxy section */
		F3A89CD5244E0D5200CE521A /* PBXContainerItemProxy */ = {
			isa = PBXContainerItemProxy;
			containerPortal = F3A89CB6244E0D4B00CE521A /* Project object */;
			proxyType = 1;
			remoteGlobalIDString = F3A89CBD244E0D4B00CE521A;
			remoteInfo = ArsMusic;
		};
/* End PBXContainerItemProxy section */

/* Begin PBXCopyFilesBuildPhase section */
		F3A89CFA244EFC9D00CE521A /* Embed Frameworks */ = {
			isa = PBXCopyFilesBuildPhase;
			buildActionMask = 2147483647;
			dstPath = "";
			dstSubfolderSpec = 10;
			files = (
			);
			name = "Embed Frameworks";
			runOnlyForDeploymentPostprocessing = 0;
		};
/* End PBXCopyFilesBuildPhase section */

/* Begin PBXFileReference section */
		08B3BFDE7897B177D31B1972 /* Pods-ArsMusicTests.debug.xcconfig */ = {isa = PBXFileReference; includeInIndex = 1; lastKnownFileType = text.xcconfig; name = "Pods-ArsMusicTests.debug.xcconfig"; path = "Target Support Files/Pods-ArsMusicTests/Pods-ArsMusicTests.debug.xcconfig"; sourceTree = "<group>"; };
		4F4A2529C3792E8B84B71294 /* Pods_ArsMusicTests.framework */ = {isa = PBXFileReference; explicitFileType = wrapper.framework; includeInIndex = 0; path = Pods_ArsMusicTests.framework; sourceTree = BUILT_PRODUCTS_DIR; };
		7BBBD1EB7627523E7390138B /* Pods-ArsMusicTests.release.xcconfig */ = {isa = PBXFileReference; includeInIndex = 1; lastKnownFileType = text.xcconfig; name = "Pods-ArsMusicTests.release.xcconfig"; path = "Target Support Files/Pods-ArsMusicTests/Pods-ArsMusicTests.release.xcconfig"; sourceTree = "<group>"; };
		C9A6A55F3953CB2257B4AB33 /* Pods-ArsMusic.debug.xcconfig */ = {isa = PBXFileReference; includeInIndex = 1; lastKnownFileType = text.xcconfig; name = "Pods-ArsMusic.debug.xcconfig"; path = "Target Support Files/Pods-ArsMusic/Pods-ArsMusic.debug.xcconfig"; sourceTree = "<group>"; };
		E90A45F6F4DFFCD4516C8311 /* Pods_ArsMusic.framework */ = {isa = PBXFileReference; explicitFileType = wrapper.framework; includeInIndex = 0; path = Pods_ArsMusic.framework; sourceTree = BUILT_PRODUCTS_DIR; };
		F35F875924580CB700DA5559 /* Library.swift */ = {isa = PBXFileReference; lastKnownFileType = sourcecode.swift; path = Library.swift; sourceTree = "<group>"; };
		F35F875B24584EF000DA5559 /* UserDefaults.swift */ = {isa = PBXFileReference; lastKnownFileType = sourcecode.swift; path = UserDefaults.swift; sourceTree = "<group>"; };
		F3686ECD24543E1200ADF04F /* CMTime + Extension.swift */ = {isa = PBXFileReference; lastKnownFileType = sourcecode.swift; path = "CMTime + Extension.swift"; sourceTree = "<group>"; };
		F3686ECF24556B7700ADF04F /* Nib.swift */ = {isa = PBXFileReference; lastKnownFileType = sourcecode.swift; path = Nib.swift; sourceTree = "<group>"; };
		F3A89CBE244E0D4B00CE521A /* ArsMusic.app */ = {isa = PBXFileReference; explicitFileType = wrapper.application; includeInIndex = 0; path = ArsMusic.app; sourceTree = BUILT_PRODUCTS_DIR; };
		F3A89CC1244E0D4B00CE521A /* AppDelegate.swift */ = {isa = PBXFileReference; lastKnownFileType = sourcecode.swift; path = AppDelegate.swift; sourceTree = "<group>"; };
		F3A89CC3244E0D4B00CE521A /* SceneDelegate.swift */ = {isa = PBXFileReference; lastKnownFileType = sourcecode.swift; path = SceneDelegate.swift; sourceTree = "<group>"; };
		F3A89CC5244E0D4B00CE521A /* ViewController.swift */ = {isa = PBXFileReference; lastKnownFileType = sourcecode.swift; path = ViewController.swift; sourceTree = "<group>"; };
		F3A89CC8244E0D4B00CE521A /* Base */ = {isa = PBXFileReference; lastKnownFileType = file.storyboard; name = Base; path = Base.lproj/Main.storyboard; sourceTree = "<group>"; };
		F3A89CCA244E0D5100CE521A /* Assets.xcassets */ = {isa = PBXFileReference; lastKnownFileType = folder.assetcatalog; path = Assets.xcassets; sourceTree = "<group>"; };
		F3A89CCD244E0D5100CE521A /* Base */ = {isa = PBXFileReference; lastKnownFileType = file.storyboard; name = Base; path = Base.lproj/LaunchScreen.storyboard; sourceTree = "<group>"; };
		F3A89CCF244E0D5100CE521A /* Info.plist */ = {isa = PBXFileReference; lastKnownFileType = text.plist.xml; path = Info.plist; sourceTree = "<group>"; };
		F3A89CD4244E0D5200CE521A /* ArsMusicTests.xctest */ = {isa = PBXFileReference; explicitFileType = wrapper.cfbundle; includeInIndex = 0; path = ArsMusicTests.xctest; sourceTree = BUILT_PRODUCTS_DIR; };
		F3A89CD8244E0D5200CE521A /* ArsMusicTests.swift */ = {isa = PBXFileReference; lastKnownFileType = sourcecode.swift; path = ArsMusicTests.swift; sourceTree = "<group>"; };
		F3A89CDA244E0D5200CE521A /* Info.plist */ = {isa = PBXFileReference; lastKnownFileType = text.plist.xml; path = Info.plist; sourceTree = "<group>"; };
		F3A89CE3244E0D8200CE521A /* MainTabBarController.swift */ = {isa = PBXFileReference; lastKnownFileType = sourcecode.swift; path = MainTabBarController.swift; sourceTree = "<group>"; };
		F3A89CE5244E125400CE521A /* SearchMusicViewControoler.swift */ = {isa = PBXFileReference; lastKnownFileType = sourcecode.swift; path = SearchMusicViewControoler.swift; sourceTree = "<group>"; };
		F3A89CFB244F05F300CE521A /* SearchResponse.swift */ = {isa = PBXFileReference; lastKnownFileType = sourcecode.swift; path = SearchResponse.swift; sourceTree = "<group>"; };
		F3A89CFD244F2BA700CE521A /* NetworkService.swift */ = {isa = PBXFileReference; lastKnownFileType = sourcecode.swift; path = NetworkService.swift; sourceTree = "<group>"; };
		F3A89D0F244F6FBD00CE521A /* SearchPresenter.swift */ = {isa = PBXFileReference; lastKnownFileType = sourcecode.swift; path = SearchPresenter.swift; sourceTree = "<group>"; };
		F3A89D10244F6FBD00CE521A /* SearchWorker.swift */ = {isa = PBXFileReference; lastKnownFileType = sourcecode.swift; path = SearchWorker.swift; sourceTree = "<group>"; };
		F3A89D11244F6FBD00CE521A /* SearchRouter.swift */ = {isa = PBXFileReference; lastKnownFileType = sourcecode.swift; path = SearchRouter.swift; sourceTree = "<group>"; };
		F3A89D12244F6FBD00CE521A /* SearchModels.swift */ = {isa = PBXFileReference; lastKnownFileType = sourcecode.swift; path = SearchModels.swift; sourceTree = "<group>"; };
		F3A89D13244F6FBD00CE521A /* SearchViewController.swift */ = {isa = PBXFileReference; lastKnownFileType = sourcecode.swift; path = SearchViewController.swift; sourceTree = "<group>"; };
		F3A89D14244F6FBD00CE521A /* SearchInteractor.swift */ = {isa = PBXFileReference; lastKnownFileType = sourcecode.swift; path = SearchInteractor.swift; sourceTree = "<group>"; };
		F3A89D1D2450421900CE521A /* SearchViewController.storyboard */ = {isa = PBXFileReference; lastKnownFileType = file.storyboard; path = SearchViewController.storyboard; sourceTree = "<group>"; };
		F3A89D1F2450463200CE521A /* UIViewController + Storybord.swift */ = {isa = PBXFileReference; lastKnownFileType = sourcecode.swift; path = "UIViewController + Storybord.swift"; sourceTree = "<group>"; };
		F3A89D232450879300CE521A /* TrackCell.xib */ = {isa = PBXFileReference; lastKnownFileType = file.xib; path = TrackCell.xib; sourceTree = "<group>"; };
		F3A89D25245087B800CE521A /* TrackCell.swift */ = {isa = PBXFileReference; lastKnownFileType = sourcecode.swift; path = TrackCell.swift; sourceTree = "<group>"; };
		F3A89D292451944A00CE521A /* FooterView.swift */ = {isa = PBXFileReference; lastKnownFileType = sourcecode.swift; path = FooterView.swift; sourceTree = "<group>"; };
		F3A89D2C2451B65200CE521A /* TrackDetailView.xib */ = {isa = PBXFileReference; lastKnownFileType = file.xib; path = TrackDetailView.xib; sourceTree = "<group>"; };
		F3A89D2E2451B66C00CE521A /* TrackDetailView.swift */ = {isa = PBXFileReference; lastKnownFileType = sourcecode.swift; path = TrackDetailView.swift; sourceTree = "<group>"; };
		FDA94EC065EFBBAC42DE6C48 /* Pods-ArsMusic.release.xcconfig */ = {isa = PBXFileReference; includeInIndex = 1; lastKnownFileType = text.xcconfig; name = "Pods-ArsMusic.release.xcconfig"; path = "Target Support Files/Pods-ArsMusic/Pods-ArsMusic.release.xcconfig"; sourceTree = "<group>"; };
/* End PBXFileReference section */

/* Begin PBXFrameworksBuildPhase section */
		F3A89CBB244E0D4B00CE521A /* Frameworks */ = {
			isa = PBXFrameworksBuildPhase;
			buildActionMask = 2147483647;
			files = (
				F35F875F245861FB00DA5559 /* URLImage in Frameworks */,
				92D63C4177C42E6BD410A7B1 /* Pods_ArsMusic.framework in Frameworks */,
			);
			runOnlyForDeploymentPostprocessing = 0;
		};
		F3A89CD1244E0D5200CE521A /* Frameworks */ = {
			isa = PBXFrameworksBuildPhase;
			buildActionMask = 2147483647;
			files = (
				B7D7D7292D22B9A5BA1758D7 /* Pods_ArsMusicTests.framework in Frameworks */,
			);
			runOnlyForDeploymentPostprocessing = 0;
		};
/* End PBXFrameworksBuildPhase section */

/* Begin PBXGroup section */
		431E3746909674DB1EEAC9C0 /* Frameworks */ = {
			isa = PBXGroup;
			children = (
				E90A45F6F4DFFCD4516C8311 /* Pods_ArsMusic.framework */,
				4F4A2529C3792E8B84B71294 /* Pods_ArsMusicTests.framework */,
			);
			name = Frameworks;
			sourceTree = "<group>";
		};
		E4D1EEF19F30DB59ED10F300 /* Pods */ = {
			isa = PBXGroup;
			children = (
				C9A6A55F3953CB2257B4AB33 /* Pods-ArsMusic.debug.xcconfig */,
				FDA94EC065EFBBAC42DE6C48 /* Pods-ArsMusic.release.xcconfig */,
				08B3BFDE7897B177D31B1972 /* Pods-ArsMusicTests.debug.xcconfig */,
				7BBBD1EB7627523E7390138B /* Pods-ArsMusicTests.release.xcconfig */,
			);
			path = Pods;
			sourceTree = "<group>";
		};
		F3A89CB5244E0D4B00CE521A = {
			isa = PBXGroup;
			children = (
				F3A89CC0244E0D4B00CE521A /* ArsMusic */,
				F3A89CD7244E0D5200CE521A /* ArsMusicTests */,
				F3A89CBF244E0D4B00CE521A /* Products */,
				E4D1EEF19F30DB59ED10F300 /* Pods */,
				431E3746909674DB1EEAC9C0 /* Frameworks */,
			);
			sourceTree = "<group>";
		};
		F3A89CBF244E0D4B00CE521A /* Products */ = {
			isa = PBXGroup;
			children = (
				F3A89CBE244E0D4B00CE521A /* ArsMusic.app */,
				F3A89CD4244E0D5200CE521A /* ArsMusicTests.xctest */,
			);
			name = Products;
			sourceTree = "<group>";
		};
		F3A89CC0244E0D4B00CE521A /* ArsMusic */ = {
			isa = PBXGroup;
			children = (
				F3A89CC1244E0D4B00CE521A /* AppDelegate.swift */,
				F3A89CC3244E0D4B00CE521A /* SceneDelegate.swift */,
				F3A89D0E244F6EBC00CE521A /* Services */,
				F3A89CE3244E0D8200CE521A /* MainTabBarController.swift */,
				F3A89CFF244F6E0000CE521A /* Search */,
				F3A89CE5244E125400CE521A /* SearchMusicViewControoler.swift */,
				F3A89CC5244E0D4B00CE521A /* ViewController.swift */,
				F3A89D212450464800CE521A /* Helpers */,
				F3A89CC7244E0D4B00CE521A /* Main.storyboard */,
				F3A89CCA244E0D5100CE521A /* Assets.xcassets */,
				F3A89CCC244E0D5100CE521A /* LaunchScreen.storyboard */,
				F3A89CCF244E0D5100CE521A /* Info.plist */,
			);
			path = ArsMusic;
			sourceTree = "<group>";
		};
		F3A89CD7244E0D5200CE521A /* ArsMusicTests */ = {
			isa = PBXGroup;
			children = (
				F3A89CD8244E0D5200CE521A /* ArsMusicTests.swift */,
				F3A89CDA244E0D5200CE521A /* Info.plist */,
			);
			path = ArsMusicTests;
			sourceTree = "<group>";
		};
		F3A89CFF244F6E0000CE521A /* Search */ = {
			isa = PBXGroup;
			children = (
				F3A89D2B2451B61600CE521A /* TrackDetailView */,
				F3A89D282451942100CE521A /* FooterView */,
				F3A89D222450876700CE521A /* Cell */,
				F3A89D1D2450421900CE521A /* SearchViewController.storyboard */,
				F3A89D13244F6FBD00CE521A /* SearchViewController.swift */,
				F3A89D14244F6FBD00CE521A /* SearchInteractor.swift */,
				F3A89D12244F6FBD00CE521A /* SearchModels.swift */,
				F3A89D0F244F6FBD00CE521A /* SearchPresenter.swift */,
				F3A89D10244F6FBD00CE521A /* SearchWorker.swift */,
				F3A89D11244F6FBD00CE521A /* SearchRouter.swift */,
			);
			path = Search;
			sourceTree = "<group>";
		};
		F3A89D0E244F6EBC00CE521A /* Services */ = {
			isa = PBXGroup;
			children = (
				F3A89D27245096AB00CE521A /* Models */,
				F3A89CFD244F2BA700CE521A /* NetworkService.swift */,
				F35F875924580CB700DA5559 /* Library.swift */,
			);
			path = Services;
			sourceTree = "<group>";
		};
		F3A89D212450464800CE521A /* Helpers */ = {
			isa = PBXGroup;
			children = (
				F3A89D1F2450463200CE521A /* UIViewController + Storybord.swift */,
				F3686ECD24543E1200ADF04F /* CMTime + Extension.swift */,
				F3686ECF24556B7700ADF04F /* Nib.swift */,
			);
			path = Helpers;
			sourceTree = "<group>";
		};
		F3A89D222450876700CE521A /* Cell */ = {
			isa = PBXGroup;
			children = (
				F3A89D232450879300CE521A /* TrackCell.xib */,
				F3A89D25245087B800CE521A /* TrackCell.swift */,
				F35F875B24584EF000DA5559 /* UserDefaults.swift */,
			);
			path = Cell;
			sourceTree = "<group>";
		};
		F3A89D27245096AB00CE521A /* Models */ = {
			isa = PBXGroup;
			children = (
				F3A89CFB244F05F300CE521A /* SearchResponse.swift */,
			);
			path = Models;
			sourceTree = "<group>";
		};
		F3A89D282451942100CE521A /* FooterView */ = {
			isa = PBXGroup;
			children = (
				F3A89D292451944A00CE521A /* FooterView.swift */,
			);
			path = FooterView;
			sourceTree = "<group>";
		};
		F3A89D2B2451B61600CE521A /* TrackDetailView */ = {
			isa = PBXGroup;
			children = (
				F3A89D2C2451B65200CE521A /* TrackDetailView.xib */,
				F3A89D2E2451B66C00CE521A /* TrackDetailView.swift */,
			);
			path = TrackDetailView;
			sourceTree = "<group>";
		};
/* End PBXGroup section */

/* Begin PBXNativeTarget section */
		F3A89CBD244E0D4B00CE521A /* ArsMusic */ = {
			isa = PBXNativeTarget;
			buildConfigurationList = F3A89CDD244E0D5200CE521A /* Build configuration list for PBXNativeTarget "ArsMusic" */;
			buildPhases = (
				7940FF705E2D8708CB8E4160 /* [CP] Check Pods Manifest.lock */,
				F3A89CBA244E0D4B00CE521A /* Sources */,
				F3A89CBB244E0D4B00CE521A /* Frameworks */,
				F3A89CBC244E0D4B00CE521A /* Resources */,
				F3A89CFA244EFC9D00CE521A /* Embed Frameworks */,
				0BAFD65E60C433AEB1CD527F /* [CP] Embed Pods Frameworks */,
			);
			buildRules = (
			);
			dependencies = (
			);
			name = ArsMusic;
			packageProductDependencies = (
				F35F875E245861FB00DA5559 /* URLImage */,
			);
			productName = ArsMusic;
			productReference = F3A89CBE244E0D4B00CE521A /* ArsMusic.app */;
			productType = "com.apple.product-type.application";
		};
		F3A89CD3244E0D5200CE521A /* ArsMusicTests */ = {
			isa = PBXNativeTarget;
			buildConfigurationList = F3A89CE0244E0D5200CE521A /* Build configuration list for PBXNativeTarget "ArsMusicTests" */;
			buildPhases = (
				7B9BCDA40EAA5ED06450C74A /* [CP] Check Pods Manifest.lock */,
				F3A89CD0244E0D5200CE521A /* Sources */,
				F3A89CD1244E0D5200CE521A /* Frameworks */,
				F3A89CD2244E0D5200CE521A /* Resources */,
			);
			buildRules = (
			);
			dependencies = (
				F3A89CD6244E0D5200CE521A /* PBXTargetDependency */,
			);
			name = ArsMusicTests;
			productName = ArsMusicTests;
			productReference = F3A89CD4244E0D5200CE521A /* ArsMusicTests.xctest */;
			productType = "com.apple.product-type.bundle.unit-test";
		};
/* End PBXNativeTarget section */

/* Begin PBXProject section */
		F3A89CB6244E0D4B00CE521A /* Project object */ = {
			isa = PBXProject;
			attributes = {
				LastSwiftUpdateCheck = 1140;
				LastUpgradeCheck = 1140;
				ORGANIZATIONNAME = smu117;
				TargetAttributes = {
					F3A89CBD244E0D4B00CE521A = {
						CreatedOnToolsVersion = 11.4;
					};
					F3A89CD3244E0D5200CE521A = {
						CreatedOnToolsVersion = 11.4;
						TestTargetID = F3A89CBD244E0D4B00CE521A;
					};
				};
			};
			buildConfigurationList = F3A89CB9244E0D4B00CE521A /* Build configuration list for PBXProject "ArsMusic" */;
			compatibilityVersion = "Xcode 11.4";
			developmentRegion = en;
			hasScannedForEncodings = 0;
			knownRegions = (
				en,
				Base,
			);
			mainGroup = F3A89CB5244E0D4B00CE521A;
			packageReferences = (
				F35F875D245861FB00DA5559 /* XCRemoteSwiftPackageReference "url-image" */,
			);
			productRefGroup = F3A89CBF244E0D4B00CE521A /* Products */;
			projectDirPath = "";
			projectRoot = "";
			targets = (
				F3A89CBD244E0D4B00CE521A /* ArsMusic */,
				F3A89CD3244E0D5200CE521A /* ArsMusicTests */,
			);
		};
/* End PBXProject section */

/* Begin PBXResourcesBuildPhase section */
		F3A89CBC244E0D4B00CE521A /* Resources */ = {
			isa = PBXResourcesBuildPhase;
			buildActionMask = 2147483647;
			files = (
				F3A89CCE244E0D5100CE521A /* LaunchScreen.storyboard in Resources */,
				F3A89CCB244E0D5100CE521A /* Assets.xcassets in Resources */,
				F3A89D242450879400CE521A /* TrackCell.xib in Resources */,
				F3A89D1E2450421900CE521A /* SearchViewController.storyboard in Resources */,
				F3A89D2D2451B65200CE521A /* TrackDetailView.xib in Resources */,
				F3A89CC9244E0D4B00CE521A /* Main.storyboard in Resources */,
			);
			runOnlyForDeploymentPostprocessing = 0;
		};
		F3A89CD2244E0D5200CE521A /* Resources */ = {
			isa = PBXResourcesBuildPhase;
			buildActionMask = 2147483647;
			files = (
			);
			runOnlyForDeploymentPostprocessing = 0;
		};
/* End PBXResourcesBuildPhase section */

/* Begin PBXShellScriptBuildPhase section */
		0BAFD65E60C433AEB1CD527F /* [CP] Embed Pods Frameworks */ = {
			isa = PBXShellScriptBuildPhase;
			buildActionMask = 2147483647;
			files = (
			);
			inputFileListPaths = (
				"${PODS_ROOT}/Target Support Files/Pods-ArsMusic/Pods-ArsMusic-frameworks-${CONFIGURATION}-input-files.xcfilelist",
			);
			name = "[CP] Embed Pods Frameworks";
			outputFileListPaths = (
				"${PODS_ROOT}/Target Support Files/Pods-ArsMusic/Pods-ArsMusic-frameworks-${CONFIGURATION}-output-files.xcfilelist",
			);
			runOnlyForDeploymentPostprocessing = 0;
			shellPath = /bin/sh;
			shellScript = "\"${PODS_ROOT}/Target Support Files/Pods-ArsMusic/Pods-ArsMusic-frameworks.sh\"\n";
			showEnvVarsInLog = 0;
		};
		7940FF705E2D8708CB8E4160 /* [CP] Check Pods Manifest.lock */ = {
			isa = PBXShellScriptBuildPhase;
			buildActionMask = 2147483647;
			files = (
			);
			inputFileListPaths = (
			);
			inputPaths = (
				"${PODS_PODFILE_DIR_PATH}/Podfile.lock",
				"${PODS_ROOT}/Manifest.lock",
			);
			name = "[CP] Check Pods Manifest.lock";
			outputFileListPaths = (
			);
			outputPaths = (
				"$(DERIVED_FILE_DIR)/Pods-ArsMusic-checkManifestLockResult.txt",
			);
			runOnlyForDeploymentPostprocessing = 0;
			shellPath = /bin/sh;
			shellScript = "diff \"${PODS_PODFILE_DIR_PATH}/Podfile.lock\" \"${PODS_ROOT}/Manifest.lock\" > /dev/null\nif [ $? != 0 ] ; then\n    # print error to STDERR\n    echo \"error: The sandbox is not in sync with the Podfile.lock. Run 'pod install' or update your CocoaPods installation.\" >&2\n    exit 1\nfi\n# This output is used by Xcode 'outputs' to avoid re-running this script phase.\necho \"SUCCESS\" > \"${SCRIPT_OUTPUT_FILE_0}\"\n";
			showEnvVarsInLog = 0;
		};
		7B9BCDA40EAA5ED06450C74A /* [CP] Check Pods Manifest.lock */ = {
			isa = PBXShellScriptBuildPhase;
			buildActionMask = 2147483647;
			files = (
			);
			inputFileListPaths = (
			);
			inputPaths = (
				"${PODS_PODFILE_DIR_PATH}/Podfile.lock",
				"${PODS_ROOT}/Manifest.lock",
			);
			name = "[CP] Check Pods Manifest.lock";
			outputFileListPaths = (
			);
			outputPaths = (
				"$(DERIVED_FILE_DIR)/Pods-ArsMusicTests-checkManifestLockResult.txt",
			);
			runOnlyForDeploymentPostprocessing = 0;
			shellPath = /bin/sh;
			shellScript = "diff \"${PODS_PODFILE_DIR_PATH}/Podfile.lock\" \"${PODS_ROOT}/Manifest.lock\" > /dev/null\nif [ $? != 0 ] ; then\n    # print error to STDERR\n    echo \"error: The sandbox is not in sync with the Podfile.lock. Run 'pod install' or update your CocoaPods installation.\" >&2\n    exit 1\nfi\n# This output is used by Xcode 'outputs' to avoid re-running this script phase.\necho \"SUCCESS\" > \"${SCRIPT_OUTPUT_FILE_0}\"\n";
			showEnvVarsInLog = 0;
		};
/* End PBXShellScriptBuildPhase section */

/* Begin PBXSourcesBuildPhase section */
		F3A89CBA244E0D4B00CE521A /* Sources */ = {
			isa = PBXSourcesBuildPhase;
			buildActionMask = 2147483647;
			files = (
				F3A89CC6244E0D4B00CE521A /* ViewController.swift in Sources */,
				F3A89CC2244E0D4B00CE521A /* AppDelegate.swift in Sources */,
				F3A89CFC244F05F300CE521A /* SearchResponse.swift in Sources */,
				F3A89D1B244F6FBD00CE521A /* SearchInteractor.swift in Sources */,
				F3A89D26245087B800CE521A /* TrackCell.swift in Sources */,
				F35F875C24584EF000DA5559 /* UserDefaults.swift in Sources */,
				F3A89D2A2451944A00CE521A /* FooterView.swift in Sources */,
				F3686ECE24543E1200ADF04F /* CMTime + Extension.swift in Sources */,
				F3A89CE6244E125400CE521A /* SearchMusicViewControoler.swift in Sources */,
				F3686ED024556B7700ADF04F /* Nib.swift in Sources */,
				F3A89CE4244E0D8200CE521A /* MainTabBarController.swift in Sources */,
				F3A89D17244F6FBD00CE521A /* SearchWorker.swift in Sources */,
				F3A89D1A244F6FBD00CE521A /* SearchViewController.swift in Sources */,
				F3A89D18244F6FBD00CE521A /* SearchRouter.swift in Sources */,
				F3A89D19244F6FBD00CE521A /* SearchModels.swift in Sources */,
				F3A89CC4244E0D4B00CE521A /* SceneDelegate.swift in Sources */,
				F3A89D16244F6FBD00CE521A /* SearchPresenter.swift in Sources */,
				F3A89CFE244F2BA700CE521A /* NetworkService.swift in Sources */,
				F35F875A24580CB700DA5559 /* Library.swift in Sources */,
				F3A89D2F2451B66C00CE521A /* TrackDetailView.swift in Sources */,
				F3A89D202450463200CE521A /* UIViewController + Storybord.swift in Sources */,
			);
			runOnlyForDeploymentPostprocessing = 0;
		};
		F3A89CD0244E0D5200CE521A /* Sources */ = {
			isa = PBXSourcesBuildPhase;
			buildActionMask = 2147483647;
			files = (
				F3A89CD9244E0D5200CE521A /* ArsMusicTests.swift in Sources */,
			);
			runOnlyForDeploymentPostprocessing = 0;
		};
/* End PBXSourcesBuildPhase section */

/* Begin PBXTargetDependency section */
		F3A89CD6244E0D5200CE521A /* PBXTargetDependency */ = {
			isa = PBXTargetDependency;
			target = F3A89CBD244E0D4B00CE521A /* ArsMusic */;
			targetProxy = F3A89CD5244E0D5200CE521A /* PBXContainerItemProxy */;
		};
/* End PBXTargetDependency section */

/* Begin PBXVariantGroup section */
		F3A89CC7244E0D4B00CE521A /* Main.storyboard */ = {
			isa = PBXVariantGroup;
			children = (
				F3A89CC8244E0D4B00CE521A /* Base */,
			);
			name = Main.storyboard;
			sourceTree = "<group>";
		};
		F3A89CCC244E0D5100CE521A /* LaunchScreen.storyboard */ = {
			isa = PBXVariantGroup;
			children = (
				F3A89CCD244E0D5100CE521A /* Base */,
			);
			name = LaunchScreen.storyboard;
			sourceTree = "<group>";
		};
/* End PBXVariantGroup section */

/* Begin XCBuildConfiguration section */
		F3A89CDB244E0D5200CE521A /* Debug */ = {
			isa = XCBuildConfiguration;
			buildSettings = {
				ALWAYS_SEARCH_USER_PATHS = NO;
				CLANG_ANALYZER_NONNULL = YES;
				CLANG_ANALYZER_NUMBER_OBJECT_CONVERSION = YES_AGGRESSIVE;
				CLANG_CXX_LANGUAGE_STANDARD = "gnu++14";
				CLANG_CXX_LIBRARY = "libc++";
				CLANG_ENABLE_MODULES = YES;
				CLANG_ENABLE_OBJC_ARC = YES;
				CLANG_ENABLE_OBJC_WEAK = YES;
				CLANG_WARN_BLOCK_CAPTURE_AUTORELEASING = YES;
				CLANG_WARN_BOOL_CONVERSION = YES;
				CLANG_WARN_COMMA = YES;
				CLANG_WARN_CONSTANT_CONVERSION = YES;
				CLANG_WARN_DEPRECATED_OBJC_IMPLEMENTATIONS = YES;
				CLANG_WARN_DIRECT_OBJC_ISA_USAGE = YES_ERROR;
				CLANG_WARN_DOCUMENTATION_COMMENTS = YES;
				CLANG_WARN_EMPTY_BODY = YES;
				CLANG_WARN_ENUM_CONVERSION = YES;
				CLANG_WARN_INFINITE_RECURSION = YES;
				CLANG_WARN_INT_CONVERSION = YES;
				CLANG_WARN_NON_LITERAL_NULL_CONVERSION = YES;
				CLANG_WARN_OBJC_IMPLICIT_RETAIN_SELF = YES;
				CLANG_WARN_OBJC_LITERAL_CONVERSION = YES;
				CLANG_WARN_OBJC_ROOT_CLASS = YES_ERROR;
				CLANG_WARN_RANGE_LOOP_ANALYSIS = YES;
				CLANG_WARN_STRICT_PROTOTYPES = YES;
				CLANG_WARN_SUSPICIOUS_MOVE = YES;
				CLANG_WARN_UNGUARDED_AVAILABILITY = YES_AGGRESSIVE;
				CLANG_WARN_UNREACHABLE_CODE = YES;
				CLANG_WARN__DUPLICATE_METHOD_MATCH = YES;
				COPY_PHASE_STRIP = NO;
				DEBUG_INFORMATION_FORMAT = dwarf;
				ENABLE_STRICT_OBJC_MSGSEND = YES;
				ENABLE_TESTABILITY = YES;
				GCC_C_LANGUAGE_STANDARD = gnu11;
				GCC_DYNAMIC_NO_PIC = NO;
				GCC_NO_COMMON_BLOCKS = YES;
				GCC_OPTIMIZATION_LEVEL = 0;
				GCC_PREPROCESSOR_DEFINITIONS = (
					"DEBUG=1",
					"$(inherited)",
				);
				GCC_WARN_64_TO_32_BIT_CONVERSION = YES;
				GCC_WARN_ABOUT_RETURN_TYPE = YES_ERROR;
				GCC_WARN_UNDECLARED_SELECTOR = YES;
				GCC_WARN_UNINITIALIZED_AUTOS = YES_AGGRESSIVE;
				GCC_WARN_UNUSED_FUNCTION = YES;
				GCC_WARN_UNUSED_VARIABLE = YES;
				IPHONEOS_DEPLOYMENT_TARGET = 13.0;
				MTL_ENABLE_DEBUG_INFO = INCLUDE_SOURCE;
				MTL_FAST_MATH = YES;
				ONLY_ACTIVE_ARCH = YES;
				SDKROOT = iphoneos;
				SWIFT_ACTIVE_COMPILATION_CONDITIONS = DEBUG;
				SWIFT_OPTIMIZATION_LEVEL = "-Onone";
			};
			name = Debug;
		};
		F3A89CDC244E0D5200CE521A /* Release */ = {
			isa = XCBuildConfiguration;
			buildSettings = {
				ALWAYS_SEARCH_USER_PATHS = NO;
				CLANG_ANALYZER_NONNULL = YES;
				CLANG_ANALYZER_NUMBER_OBJECT_CONVERSION = YES_AGGRESSIVE;
				CLANG_CXX_LANGUAGE_STANDARD = "gnu++14";
				CLANG_CXX_LIBRARY = "libc++";
				CLANG_ENABLE_MODULES = YES;
				CLANG_ENABLE_OBJC_ARC = YES;
				CLANG_ENABLE_OBJC_WEAK = YES;
				CLANG_WARN_BLOCK_CAPTURE_AUTORELEASING = YES;
				CLANG_WARN_BOOL_CONVERSION = YES;
				CLANG_WARN_COMMA = YES;
				CLANG_WARN_CONSTANT_CONVERSION = YES;
				CLANG_WARN_DEPRECATED_OBJC_IMPLEMENTATIONS = YES;
				CLANG_WARN_DIRECT_OBJC_ISA_USAGE = YES_ERROR;
				CLANG_WARN_DOCUMENTATION_COMMENTS = YES;
				CLANG_WARN_EMPTY_BODY = YES;
				CLANG_WARN_ENUM_CONVERSION = YES;
				CLANG_WARN_INFINITE_RECURSION = YES;
				CLANG_WARN_INT_CONVERSION = YES;
				CLANG_WARN_NON_LITERAL_NULL_CONVERSION = YES;
				CLANG_WARN_OBJC_IMPLICIT_RETAIN_SELF = YES;
				CLANG_WARN_OBJC_LITERAL_CONVERSION = YES;
				CLANG_WARN_OBJC_ROOT_CLASS = YES_ERROR;
				CLANG_WARN_RANGE_LOOP_ANALYSIS = YES;
				CLANG_WARN_STRICT_PROTOTYPES = YES;
				CLANG_WARN_SUSPICIOUS_MOVE = YES;
				CLANG_WARN_UNGUARDED_AVAILABILITY = YES_AGGRESSIVE;
				CLANG_WARN_UNREACHABLE_CODE = YES;
				CLANG_WARN__DUPLICATE_METHOD_MATCH = YES;
				COPY_PHASE_STRIP = NO;
				DEBUG_INFORMATION_FORMAT = "dwarf-with-dsym";
				ENABLE_NS_ASSERTIONS = NO;
				ENABLE_STRICT_OBJC_MSGSEND = YES;
				GCC_C_LANGUAGE_STANDARD = gnu11;
				GCC_NO_COMMON_BLOCKS = YES;
				GCC_WARN_64_TO_32_BIT_CONVERSION = YES;
				GCC_WARN_ABOUT_RETURN_TYPE = YES_ERROR;
				GCC_WARN_UNDECLARED_SELECTOR = YES;
				GCC_WARN_UNINITIALIZED_AUTOS = YES_AGGRESSIVE;
				GCC_WARN_UNUSED_FUNCTION = YES;
				GCC_WARN_UNUSED_VARIABLE = YES;
				IPHONEOS_DEPLOYMENT_TARGET = 13.0;
				MTL_ENABLE_DEBUG_INFO = NO;
				MTL_FAST_MATH = YES;
				SDKROOT = iphoneos;
				SWIFT_COMPILATION_MODE = wholemodule;
				SWIFT_OPTIMIZATION_LEVEL = "-O";
				VALIDATE_PRODUCT = YES;
			};
			name = Release;
		};
		F3A89CDE244E0D5200CE521A /* Debug */ = {
			isa = XCBuildConfiguration;
			baseConfigurationReference = C9A6A55F3953CB2257B4AB33 /* Pods-ArsMusic.debug.xcconfig */;
			buildSettings = {
				ASSETCATALOG_COMPILER_APPICON_NAME = AppIcon;
				CODE_SIGN_STYLE = Automatic;
				DEVELOPMENT_ASSET_PATHS = "";
				DEVELOPMENT_TEAM = WLMWR54MBP;
				INFOPLIST_FILE = ArsMusic/Info.plist;
				LD_RUNPATH_SEARCH_PATHS = (
					"$(inherited)",
					"@executable_path/Frameworks",
				);
				PRODUCT_BUNDLE_IDENTIFIER = smu117.ArsMusic;
				PRODUCT_NAME = "$(TARGET_NAME)";
				SWIFT_VERSION = 5.0;
				TARGETED_DEVICE_FAMILY = "1,2";
			};
			name = Debug;
		};
		F3A89CDF244E0D5200CE521A /* Release */ = {
			isa = XCBuildConfiguration;
			baseConfigurationReference = FDA94EC065EFBBAC42DE6C48 /* Pods-ArsMusic.release.xcconfig */;
			buildSettings = {
				ASSETCATALOG_COMPILER_APPICON_NAME = AppIcon;
				CODE_SIGN_STYLE = Automatic;
				DEVELOPMENT_ASSET_PATHS = "";
				DEVELOPMENT_TEAM = WLMWR54MBP;
				INFOPLIST_FILE = ArsMusic/Info.plist;
				LD_RUNPATH_SEARCH_PATHS = (
					"$(inherited)",
					"@executable_path/Frameworks",
				);
				PRODUCT_BUNDLE_IDENTIFIER = smu117.ArsMusic;
				PRODUCT_NAME = "$(TARGET_NAME)";
				SWIFT_VERSION = 5.0;
				TARGETED_DEVICE_FAMILY = "1,2";
			};
			name = Release;
		};
		F3A89CE1244E0D5200CE521A /* Debug */ = {
			isa = XCBuildConfiguration;
			baseConfigurationReference = 08B3BFDE7897B177D31B1972 /* Pods-ArsMusicTests.debug.xcconfig */;
			buildSettings = {
				ALWAYS_EMBED_SWIFT_STANDARD_LIBRARIES = YES;
				BUNDLE_LOADER = "$(TEST_HOST)";
				CODE_SIGN_STYLE = Automatic;
				DEVELOPMENT_TEAM = WLMWR54MBP;
				INFOPLIST_FILE = ArsMusicTests/Info.plist;
				IPHONEOS_DEPLOYMENT_TARGET = 13.4;
				LD_RUNPATH_SEARCH_PATHS = (
					"$(inherited)",
					"@executable_path/Frameworks",
					"@loader_path/Frameworks",
				);
				PRODUCT_BUNDLE_IDENTIFIER = smu117.ArsMusicTests;
				PRODUCT_NAME = "$(TARGET_NAME)";
				SWIFT_VERSION = 5.0;
				TARGETED_DEVICE_FAMILY = "1,2";
				TEST_HOST = "$(BUILT_PRODUCTS_DIR)/ArsMusic.app/ArsMusic";
			};
			name = Debug;
		};
		F3A89CE2244E0D5200CE521A /* Release */ = {
			isa = XCBuildConfiguration;
			baseConfigurationReference = 7BBBD1EB7627523E7390138B /* Pods-ArsMusicTests.release.xcconfig */;
			buildSettings = {
				ALWAYS_EMBED_SWIFT_STANDARD_LIBRARIES = YES;
				BUNDLE_LOADER = "$(TEST_HOST)";
				CODE_SIGN_STYLE = Automatic;
				DEVELOPMENT_TEAM = WLMWR54MBP;
				INFOPLIST_FILE = ArsMusicTests/Info.plist;
				IPHONEOS_DEPLOYMENT_TARGET = 13.4;
				LD_RUNPATH_SEARCH_PATHS = (
					"$(inherited)",
					"@executable_path/Frameworks",
					"@loader_path/Frameworks",
				);
				PRODUCT_BUNDLE_IDENTIFIER = smu117.ArsMusicTests;
				PRODUCT_NAME = "$(TARGET_NAME)";
				SWIFT_VERSION = 5.0;
				TARGETED_DEVICE_FAMILY = "1,2";
				TEST_HOST = "$(BUILT_PRODUCTS_DIR)/ArsMusic.app/ArsMusic";
			};
			name = Release;
		};
/* End XCBuildConfiguration section */

/* Begin XCConfigurationList section */
		F3A89CB9244E0D4B00CE521A /* Build configuration list for PBXProject "ArsMusic" */ = {
			isa = XCConfigurationList;
			buildConfigurations = (
				F3A89CDB244E0D5200CE521A /* Debug */,
				F3A89CDC244E0D5200CE521A /* Release */,
			);
			defaultConfigurationIsVisible = 0;
			defaultConfigurationName = Release;
		};
		F3A89CDD244E0D5200CE521A /* Build configuration list for PBXNativeTarget "ArsMusic" */ = {
			isa = XCConfigurationList;
			buildConfigurations = (
				F3A89CDE244E0D5200CE521A /* Debug */,
				F3A89CDF244E0D5200CE521A /* Release */,
			);
			defaultConfigurationIsVisible = 0;
			defaultConfigurationName = Release;
		};
		F3A89CE0244E0D5200CE521A /* Build configuration list for PBXNativeTarget "ArsMusicTests" */ = {
			isa = XCConfigurationList;
			buildConfigurations = (
				F3A89CE1244E0D5200CE521A /* Debug */,
				F3A89CE2244E0D5200CE521A /* Release */,
			);
			defaultConfigurationIsVisible = 0;
			defaultConfigurationName = Release;
		};
/* End XCConfigurationList section */

/* Begin XCRemoteSwiftPackageReference section */
		F35F875D245861FB00DA5559 /* XCRemoteSwiftPackageReference "url-image" */ = {
			isa = XCRemoteSwiftPackageReference;
			repositoryURL = "https://github.com/dmytro-anokhin/url-image.git";
			requirement = {
				kind = upToNextMajorVersion;
				minimumVersion = 0.9.15;
			};
		};
/* End XCRemoteSwiftPackageReference section */

/* Begin XCSwiftPackageProductDependency section */
		F35F875E245861FB00DA5559 /* URLImage */ = {
			isa = XCSwiftPackageProductDependency;
			package = F35F875D245861FB00DA5559 /* XCRemoteSwiftPackageReference "url-image" */;
			productName = URLImage;
		};
/* End XCSwiftPackageProductDependency section */
	};
	rootObject = F3A89CB6244E0D4B00CE521A /* Project object */;
}
